
Microsoft Visual Studio Solution File, Format Version 12.00
# Visual Studio 15
VisualStudioVersion = 15.0.27130.2027
MinimumVisualStudioVersion = 10.0.40219.1
Project("{FAE04EC0-301F-11D3-BF4B-00C04F79EFBC}") = "Bookkeeping", "Bookkeeping\Bookkeeping.csproj", "{A1DBE8D5-E439-4CC7-9670-A1AF50F90515}"
EndProject
Global
	GlobalSection(SolutionConfigurationPlatforms) = preSolution
		Debug|Any CPU = Debug|Any CPU
		Release|Any CPU = Release|Any CPU
	EndGlobalSection
	GlobalSection(ProjectConfigurationPlatforms) = postSolution
		{A1DBE8D5-E439-4CC7-9670-A1AF50F90515}.Debug|Any CPU.ActiveCfg = Debug|Any CPU
		{A1DBE8D5-E439-4CC7-9670-A1AF50F90515}.Debug|Any CPU.Build.0 = Debug|Any CPU
		{A1DBE8D5-E439-4CC7-9670-A1AF50F90515}.Release|Any CPU.ActiveCfg = Release|Any CPU
		{A1DBE8D5-E439-4CC7-9670-A1AF50F90515}.Release|Any CPU.Build.0 = Release|Any CPU
	EndGlobalSection
	GlobalSection(SolutionProperties) = preSolution
		HideSolutionNode = FALSE
	EndGlobalSection
	GlobalSection(ExtensibilityGlobals) = postSolution
		SolutionGuid = {1711C7DE-6D15-49B6-9449-7F8E23D7DDA8}
	EndGlobalSection
EndGlobal
